
Microsoft Visual Studio Solution File, Format Version 12.00
# Visual Studio Version 17
VisualStudioVersion = 17.3.32929.385
MinimumVisualStudioVersion = 10.0.40219.1
Project("{8BC9CEB8-8B4A-11D0-8D11-00A0C91BC942}") = "StevensHeather_14_Inheritance", "StevensHeather_14_Inheritance.vcxproj", "{864FF2E8-A49E-4DDD-9992-5E41C408F2E5}"
EndProject
Global
	GlobalSection(SolutionConfigurationPlatforms) = preSolution
		Debug|x64 = Debug|x64
		Debug|x86 = Debug|x86
		Release|x64 = Release|x64
		Release|x86 = Release|x86
	EndGlobalSection
	GlobalSection(ProjectConfigurationPlatforms) = postSolution
		{864FF2E8-A49E-4DDD-9992-5E41C408F2E5}.Debug|x64.ActiveCfg = Debug|x64
		{864FF2E8-A49E-4DDD-9992-5E41C408F2E5}.Debug|x64.Build.0 = Debug|x64
		{864FF2E8-A49E-4DDD-9992-5E41C408F2E5}.Debug|x86.ActiveCfg = Debug|Win32
		{864FF2E8-A49E-4DDD-9992-5E41C408F2E5}.Debug|x86.Build.0 = Debug|Win32
		{864FF2E8-A49E-4DDD-9992-5E41C408F2E5}.Release|x64.ActiveCfg = Release|x64
		{864FF2E8-A49E-4DDD-9992-5E41C408F2E5}.Release|x64.Build.0 = Release|x64
		{864FF2E8-A49E-4DDD-9992-5E41C408F2E5}.Release|x86.ActiveCfg = Release|Win32
		{864FF2E8-A49E-4DDD-9992-5E41C408F2E5}.Release|x86.Build.0 = Release|Win32
	EndGlobalSection
	GlobalSection(SolutionProperties) = preSolution
		HideSolutionNode = FALSE
	EndGlobalSection
	GlobalSection(ExtensibilityGlobals) = postSolution
		SolutionGuid = {DED13FC4-4281-4F76-9AA0-90761BB93478}
	EndGlobalSection
EndGlobal
